lockfileVersion: '9.0'

settings:
  autoInstallPeers: true
  excludeLinksFromLockfile: false

importers:

  .:
    dependencies:
      '@playwright/cli':
        specifier: ^0.1.1
        version: 0.1.1
      node-global-key-listener:
        specifier: ^0.3.0
        version: 0.3.0
      restler:
        specifier: ^3.4.0
        version: 3.4.0
    devDependencies:
      '@playwright/test':
        specifier: ^1.58.2
        version: 1.58.2

packages:

  '@playwright/cli@0.1.1':
    resolution: {integrity: sha512-9k11ZfDwAfMVDDIuEVW1Wvs8SoDNXIY1dNQ+9C9/SS8ZmElkcxesu5eoL7vNa96ntibUGaq1TM2qQoqvdl/I9g==}
    engines: {node: '>=18'}
    hasBin: true

  '@playwright/test@1.58.2':
    resolution: {integrity: sha512-akea+6bHYBBfA9uQqSYmlJXn61cTa+jbO87xVLCWbTqbWadRVmhxlXATaOjOgcBaWU4ePo0wB41KMFv3o35IXA==}
    engines: {node: '>=18'}
    hasBin: true

  fsevents@2.3.2:
    resolution: {integrity: sha512-xiqMQR4xAeHTuB9uWm+fFRcIOgKBMiOBP+eXiyT7jsgVCq1bkVygt00oASowB7EdtpOHaaPgKt812P9ab+DDKA==}
    engines: {node: ^8.16.0 || ^10.6.0 || >=11.0.0}
    os: [darwin]

  iconv-lite@0.2.11:
    resolution: {integrity: sha512-KhmFWgaQZY83Cbhi+ADInoUQ8Etn6BG5fikM9syeOjQltvR45h7cRKJ/9uvQEuD61I3Uju77yYce0/LhKVClQw==}
    engines: {node: '>=0.4.0'}

  minimist@1.2.8:
    resolution: {integrity: sha512-2yyAR8qBkN3YuheJanUpWC5U3bb5osDywNB8RzDVlDwDHbocAJveqqj1u8+SVD7jkWT4yvsHCpWqqWqAxb0zCA==}

  node-global-key-listener@0.3.0:
    resolution: {integrity: sha512-yWB1OFrDlzXYm3+hYcE8xOscvclpBAQGXcBnc2ytenFLkZfxFipuCwhuIIlIKVtwBuDRkdXJVZMqN99cPVBFFA==}

  playwright-core@1.58.2:
    resolution: {integrity: sha512-yZkEtftgwS8CsfYo7nm0KE8jsvm6i/PTgVtB8DL726wNf6H2IMsDuxCpJj59KDaxCtSnrWan2AeDqM7JBaultg==}
    engines: {node: '>=18'}
    hasBin: true

  playwright-core@1.59.0-alpha-1771104257000:
    resolution: {integrity: sha512-YiXup3pnpQUCBMSIW5zx8CErwRx4K6O5Kojkw2BzJui8MazoMUDU6E3xGsb1kzFviEAE09LFQ+y1a0RhIJQ5SA==}
    engines: {node: '>=18'}
    hasBin: true

  playwright@1.58.2:
    resolution: {integrity: sha512-vA30H8Nvkq/cPBnNw4Q8TWz1EJyqgpuinBcHET0YVJVFldr8JDNiU9LaWAE1KqSkRYazuaBhTpB5ZzShOezQ6A==}
    engines: {node: '>=18'}
    hasBin: true

  playwright@1.59.0-alpha-1771104257000:
    resolution: {integrity: sha512-6SCMMMJaDRsSqiKVLmb2nhtLES7iTYawTWWrQK6UdIGNzXi8lka4sLKRec3L4DnTWwddAvCuRn8035dhNiHzbg==}
    engines: {node: '>=18'}
    hasBin: true

  qs@1.2.0:
    resolution: {integrity: sha512-XUf0O7rlGjbH+n7uqyT+xn362fmoPe4ehtHL6VK1nbSgQ7CqG0ZZLr1nU2EyXlRq++YphPdQ/5scjIWNMSPnhg==}

  restler@3.4.0:
    resolution: {integrity: sha512-QqRzF7fToAKqd+8Sjqhc47oFuGWN766YcMTKXareLXDB4vVISq0BeHAkdYQpmSz+XUMZWMBxgmQhJztyk03JPA==}
    engines: {node: '>= 0.10.x'}

  sax@0.5.8:
    resolution: {integrity: sha512-c0YL9VcSfcdH3F1Qij9qpYJFpKFKMXNOkLWFssBL3RuF7ZS8oZhllR2rWlCRjDTJsfq3R6wbSsaRU6o0rkEdNw==}

  sudo-prompt@9.2.1:
    resolution: {integrity: sha512-Mu7R0g4ig9TUuGSxJavny5Rv0egCEtpZRNMrZaYS1vxkiIxGiGUwoezU3LazIQ+KE04hTrTfNPgxU5gzi7F5Pw==}
    deprecated: Package no longer supported. Contact Support at https://www.npmjs.com/support for more info.

  xml2js@0.4.0:
    resolution: {integrity: sha512-Uo9irqHi4waSloqTJ37nHn/XzbYi8JL/TYzMb+pq8xkINNayVhPTGOh8XWhZTP2WD3dX8Ngm5bGc+7YDnIoYIw==}

  xmlbuilder@15.1.1:
    resolution: {integrity: sha512-yMqGBqtXyeN1e3TGYvgNgDVZ3j84W4cwkOXQswghol6APgZWaff9lnbvN7MHYJOiXsvGPXtjTYJEiC9J2wv9Eg==}
    engines: {node: '>=8.0'}

  yaml@0.2.3:
    resolution: {integrity: sha512-LzdhmhritYCRww8GLH95Sk5A2c18ddRQMeooOUnqWkDUnBbmVfqgg2fXH2MxAHYHCVTHDK1EEbmgItQ8kOpM0Q==}

snapshots:

  '@playwright/cli@0.1.1':
    dependencies:
      minimist: 1.2.8
      playwright: 1.59.0-alpha-1771104257000

  '@playwright/test@1.58.2':
    dependencies:
      playwright: 1.58.2

  fsevents@2.3.2:
    optional: true

  iconv-lite@0.2.11: {}

  minimist@1.2.8: {}

  node-global-key-listener@0.3.0:
    dependencies:
      sudo-prompt: 9.2.1

  playwright-core@1.58.2: {}

  playwright-core@1.59.0-alpha-1771104257000: {}

  playwright@1.58.2:
    dependencies:
      playwright-core: 1.58.2
    optionalDependencies:
      fsevents: 2.3.2

  playwright@1.59.0-alpha-1771104257000:
    dependencies:
      playwright-core: 1.59.0-alpha-1771104257000
    optionalDependencies:
      fsevents: 2.3.2

  qs@1.2.0: {}

  restler@3.4.0:
    dependencies:
      iconv-lite: 0.2.11
      qs: 1.2.0
      xml2js: 0.4.0
      yaml: 0.2.3

  sax@0.5.8: {}

  sudo-prompt@9.2.1: {}

  xml2js@0.4.0:
    dependencies:
      sax: 0.5.8
      xmlbuilder: 15.1.1

  xmlbuilder@15.1.1: {}

  yaml@0.2.3: {}
